schema: '2.0'
stages:
  data_ingestion:
    cmd: python src/pipeline/Training_pipeline.py --task data_ingestion
    deps:
    - path: src/constants/constants.py
      hash: md5
      md5: 0c595f16a4d2d2044f7bbe7fbd1493e7
      size: 228
    - path: src/pipeline/Training_pipeline.py
      hash: md5
      md5: bfcf2d20c7412e49fbbe9ee05f712121
      size: 3180
    outs:
    - path: artifacts/raw.csv
      hash: md5
      md5: d6e1e5117493e7229dceb7a74a571d58
      size: 800203
  data_transformation:
    cmd: python src/pipeline/Training_pipeline.py --task transformation --raw_data_path
      artifacts/raw.csv
    deps:
    - path: artifacts/raw.csv
      hash: md5
      md5: d6e1e5117493e7229dceb7a74a571d58
      size: 800203
    - path: src/pipeline/Training_pipeline.py
      hash: md5
      md5: bfcf2d20c7412e49fbbe9ee05f712121
      size: 3180
    - path: src/utilis.py
      hash: md5
      md5: f6d59c1be2ffd5cc0de5200388560060
      size: 12453
    outs:
    - path: artifacts/Processor.pkl
      hash: md5
      md5: dd4537d1fa70906c76027ae3ba91377f
      size: 296
    - path: artifacts/x.csv
      hash: md5
      md5: 8251070401b88c10279821b5505afb6d
      size: 411826
    - path: artifacts/y.csv
      hash: md5
      md5: 648ba274296d448efd8a4bdef1ddb144
      size: 20574
